
Microsoft Visual Studio Solution File, Format Version 12.00
# Visual Studio Version 17
VisualStudioVersion = 17.0.31903.59
MinimumVisualStudioVersion = 10.0.40219.1
Project("{FAE04EC0-301F-11D3-BF4B-00C04F79EFBC}") = "WindowsFormsApp1", "WindowsFormsApp1\WindowsFormsApp1.csproj", "{9FF42F45-014F-4C87-9088-D8FC6BE99CC6}"
EndProject
Project("{FAE04EC0-301F-11D3-BF4B-00C04F79EFBC}") = "UnitTestProject1", "UnitTestProject1\UnitTestProject1.csproj", "{83BEEADB-DED1-4815-83F8-D422396EEA32}"
EndProject
Project("{54435603-DBB4-11D2-8724-00A0C9A8B90C}") = "Setup1", "Setup1\Setup1.vdproj", "{C11DD14C-EA02-458A-B308-AFAE6D02C95C}"
EndProject
Global
	GlobalSection(SolutionConfigurationPlatforms) = preSolution
		Debug|Any CPU = Debug|Any CPU
		Debug|x64 = Debug|x64
		Release|Any CPU = Release|Any CPU
		Release|x64 = Release|x64
	EndGlobalSection
	GlobalSection(ProjectConfigurationPlatforms) = postSolution
		{9FF42F45-014F-4C87-9088-D8FC6BE99CC6}.Debug|Any CPU.ActiveCfg = Debug|Any CPU
		{9FF42F45-014F-4C87-9088-D8FC6BE99CC6}.Debug|Any CPU.Build.0 = Debug|Any CPU
		{9FF42F45-014F-4C87-9088-D8FC6BE99CC6}.Debug|x64.ActiveCfg = Debug|Any CPU
		{9FF42F45-014F-4C87-9088-D8FC6BE99CC6}.Debug|x64.Build.0 = Debug|Any CPU
		{9FF42F45-014F-4C87-9088-D8FC6BE99CC6}.Release|Any CPU.ActiveCfg = Release|Any CPU
		{9FF42F45-014F-4C87-9088-D8FC6BE99CC6}.Release|Any CPU.Build.0 = Release|Any CPU
		{9FF42F45-014F-4C87-9088-D8FC6BE99CC6}.Release|x64.ActiveCfg = Release|Any CPU
		{9FF42F45-014F-4C87-9088-D8FC6BE99CC6}.Release|x64.Build.0 = Release|Any CPU
		{83BEEADB-DED1-4815-83F8-D422396EEA32}.Debug|Any CPU.ActiveCfg = Debug|Any CPU
		{83BEEADB-DED1-4815-83F8-D422396EEA32}.Debug|Any CPU.Build.0 = Debug|Any CPU
		{83BEEADB-DED1-4815-83F8-D422396EEA32}.Debug|x64.ActiveCfg = Debug|Any CPU
		{83BEEADB-DED1-4815-83F8-D422396EEA32}.Debug|x64.Build.0 = Debug|Any CPU
		{83BEEADB-DED1-4815-83F8-D422396EEA32}.Release|Any CPU.ActiveCfg = Release|Any CPU
		{83BEEADB-DED1-4815-83F8-D422396EEA32}.Release|Any CPU.Build.0 = Release|Any CPU
		{83BEEADB-DED1-4815-83F8-D422396EEA32}.Release|x64.ActiveCfg = Release|Any CPU
		{83BEEADB-DED1-4815-83F8-D422396EEA32}.Release|x64.Build.0 = Release|Any CPU
		{C11DD14C-EA02-458A-B308-AFAE6D02C95C}.Debug|Any CPU.ActiveCfg = Debug
		{C11DD14C-EA02-458A-B308-AFAE6D02C95C}.Debug|x64.ActiveCfg = Debug
		{C11DD14C-EA02-458A-B308-AFAE6D02C95C}.Release|Any CPU.ActiveCfg = Release
		{C11DD14C-EA02-458A-B308-AFAE6D02C95C}.Release|x64.ActiveCfg = Release
	EndGlobalSection
	GlobalSection(SolutionProperties) = preSolution
		HideSolutionNode = FALSE
	EndGlobalSection
	GlobalSection(ExtensibilityGlobals) = postSolution
		SolutionGuid = {F0811945-10DF-4801-B5C3-B61A0911DD44}
	EndGlobalSection
EndGlobal
